
Microsoft Visual Studio Solution File, Format Version 12.00
# Visual Studio 15
VisualStudioVersion = 15.0.26730.15
MinimumVisualStudioVersion = 10.0.40219.1
Project("{888888A0-9F3D-457C-B088-3A5042F75D52}") = "RepTate", "RepTate\RepTate.pyproj", "{41D5C2F2-6DBC-423A-8657-CD5C56D3D66B}"
EndProject
Global
	GlobalSection(SolutionConfigurationPlatforms) = preSolution
		Debug|Any CPU = Debug|Any CPU
		Release|Any CPU = Release|Any CPU
	EndGlobalSection
	GlobalSection(ProjectConfigurationPlatforms) = postSolution
		{41D5C2F2-6DBC-423A-8657-CD5C56D3D66B}.Debug|Any CPU.ActiveCfg = Debug|Any CPU
		{41D5C2F2-6DBC-423A-8657-CD5C56D3D66B}.Release|Any CPU.ActiveCfg = Release|Any CPU
	EndGlobalSection
	GlobalSection(SolutionProperties) = preSolution
		HideSolutionNode = FALSE
	EndGlobalSection
	GlobalSection(ExtensibilityGlobals) = postSolution
		SolutionGuid = {EA6F862F-067F-4D16-A208-B363C9730F74}
	EndGlobalSection
EndGlobal
